Microsoft Visual Studio Solution File, Format Version 12.00
# Visual Studio Version 17
VisualStudioVersion = 17.5.2.0
MinimumVisualStudioVersion = 10.0.40219.1
Project("{FAE04EC0-301F-11D3-BF4B-00C04F79EFBC}") = "SimpleCalculator", "SimpleCalculator.csproj", "{07DCFFF0-CA2A-8E0F-FFE2-44FAED2B36FE}"
EndProject
Global
	GlobalSection(SolutionConfigurationPlatforms) = preSolution
		Debug|Any CPU = Debug|Any CPU
		Release|Any CPU = Release|Any CPU
	EndGlobalSection
	GlobalSection(ProjectConfigurationPlatforms) = postSolution
		{07DCFFF0-CA2A-8E0F-FFE2-44FAED2B36FE}.Debug|Any CPU.ActiveCfg = Debug|Any CPU
		{07DCFFF0-CA2A-8E0F-FFE2-44FAED2B36FE}.Debug|Any CPU.Build.0 = Debug|Any CPU
		{07DCFFF0-CA2A-8E0F-FFE2-44FAED2B36FE}.Release|Any CPU.ActiveCfg = Release|Any CPU
		{07DCFFF0-CA2A-8E0F-FFE2-44FAED2B36FE}.Release|Any CPU.Build.0 = Release|Any CPU
	EndGlobalSection
	GlobalSection(SolutionProperties) = preSolution
		HideSolutionNode = FALSE
	EndGlobalSection
	GlobalSection(ExtensibilityGlobals) = postSolution
		SolutionGuid = {6F157D9F-C014-4196-AC4D-DA76945C552B}
	EndGlobalSection
EndGlobal
